// !$*UTF8*$!
{
	archiveVersion = 1;
	classes = {
	};
	objectVersion = 56;
	objects = {

/* Begin PBXBuildFile section */
		5EDD8F8B7ABE1CAD4D93A115 /* Pods_MVVM_Rx.framework in Frameworks */ = {isa = PBXBuildFile; fileRef = 5ADBADF6F4875773E488CAB5 /* Pods_MVVM_Rx.framework */; };
		7528008F29937EBF004F3448 /* AppDelegate.swift in Sources */ = {isa = PBXBuildFile; fileRef = 7528008E29937EBF004F3448 /* AppDelegate.swift */; };
		7528009129937EBF004F3448 /* SceneDelegate.swift in Sources */ = {isa = PBXBuildFile; fileRef = 7528009029937EBF004F3448 /* SceneDelegate.swift */; };
		7528009829937EC2004F3448 /* Assets.xcassets in Resources */ = {isa = PBXBuildFile; fileRef = 7528009729937EC2004F3448 /* Assets.xcassets */; };
		7528009B29937EC2004F3448 /* LaunchScreen.storyboard in Resources */ = {isa = PBXBuildFile; fileRef = 7528009929937EC2004F3448 /* LaunchScreen.storyboard */; };
		752800A829947057004F3448 /* RootViewController.swift in Sources */ = {isa = PBXBuildFile; fileRef = 752800A729947057004F3448 /* RootViewController.swift */; };
		752800AA299470E6004F3448 /* Coordinator.swift in Sources */ = {isa = PBXBuildFile; fileRef = 752800A9299470E6004F3448 /* Coordinator.swift */; };
		756B06D9299474A500DA0ACB /* Article.swift in Sources */ = {isa = PBXBuildFile; fileRef = 756B06D8299474A500DA0ACB /* Article.swift */; };
		756B06DD2994826A00DA0ACB /* AriticleService.swift in Sources */ = {isa = PBXBuildFile; fileRef = 756B06DC2994826A00DA0ACB /* AriticleService.swift */; };
		756B06E02994877000DA0ACB /* RootViewModel.swift in Sources */ = {isa = PBXBuildFile; fileRef = 756B06DF2994877000DA0ACB /* RootViewModel.swift */; };
/* End PBXBuildFile section */

/* Begin PBXFileReference section */
		0688BB04BC58CA75EF266E71 /* Pods-MVVM+Rx.debug.xcconfig */ = {isa = PBXFileReference; includeInIndex = 1; lastKnownFileType = text.xcconfig; name = "Pods-MVVM+Rx.debug.xcconfig"; path = "Target Support Files/Pods-MVVM+Rx/Pods-MVVM+Rx.debug.xcconfig"; sourceTree = "<group>"; };
		5ADBADF6F4875773E488CAB5 /* Pods_MVVM_Rx.framework */ = {isa = PBXFileReference; explicitFileType = wrapper.framework; includeInIndex = 0; path = Pods_MVVM_Rx.framework; sourceTree = BUILT_PRODUCTS_DIR; };
		7528008B29937EBF004F3448 /* MVVM+Rx.app */ = {isa = PBXFileReference; explicitFileType = wrapper.application; includeInIndex = 0; path = "MVVM+Rx.app"; sourceTree = BUILT_PRODUCTS_DIR; };
		7528008E29937EBF004F3448 /* AppDelegate.swift */ = {isa = PBXFileReference; lastKnownFileType = sourcecode.swift; path = AppDelegate.swift; sourceTree = "<group>"; };
		7528009029937EBF004F3448 /* SceneDelegate.swift */ = {isa = PBXFileReference; lastKnownFileType = sourcecode.swift; path = SceneDelegate.swift; sourceTree = "<group>"; };
		7528009729937EC2004F3448 /* Assets.xcassets */ = {isa = PBXFileReference; lastKnownFileType = folder.assetcatalog; path = Assets.xcassets; sourceTree = "<group>"; };
		7528009A29937EC2004F3448 /* Base */ = {isa = PBXFileReference; lastKnownFileType = file.storyboard; name = Base; path = Base.lproj/LaunchScreen.storyboard; sourceTree = "<group>"; };
		7528009C29937EC2004F3448 /* Info.plist */ = {isa = PBXFileReference; lastKnownFileType = text.plist.xml; path = Info.plist; sourceTree = "<group>"; };
		752800A729947057004F3448 /* RootViewController.swift */ = {isa = PBXFileReference; lastKnownFileType = sourcecode.swift; path = RootViewController.swift; sourceTree = "<group>"; };
		752800A9299470E6004F3448 /* Coordinator.swift */ = {isa = PBXFileReference; lastKnownFileType = sourcecode.swift; path = Coordinator.swift; sourceTree = "<group>"; };
		756B06D8299474A500DA0ACB /* Article.swift */ = {isa = PBXFileReference; lastKnownFileType = sourcecode.swift; path = Article.swift; sourceTree = "<group>"; };
		756B06DC2994826A00DA0ACB /* AriticleService.swift */ = {isa = PBXFileReference; lastKnownFileType = sourcecode.swift; path = AriticleService.swift; sourceTree = "<group>"; };
		756B06DF2994877000DA0ACB /* RootViewModel.swift */ = {isa = PBXFileReference; lastKnownFileType = sourcecode.swift; path = RootViewModel.swift; sourceTree = "<group>"; };
		EBBE199B5AB0AC2930920663 /* Pods-MVVM+Rx.release.xcconfig */ = {isa = PBXFileReference; includeInIndex = 1; lastKnownFileType = text.xcconfig; name = "Pods-MVVM+Rx.release.xcconfig"; path = "Target Support Files/Pods-MVVM+Rx/Pods-MVVM+Rx.release.xcconfig"; sourceTree = "<group>"; };
/* End PBXFileReference section */

/* Begin PBXFrameworksBuildPhase section */
		7528008829937EBF004F3448 /* Frameworks */ = {
			isa = PBXFrameworksBuildPhase;
			buildActionMask = 2147483647;
			files = (
				5EDD8F8B7ABE1CAD4D93A115 /* Pods_MVVM_Rx.framework in Frameworks */,
			);
			runOnlyForDeploymentPostprocessing = 0;
		};
/* End PBXFrameworksBuildPhase section */

/* Begin PBXGroup section */
		7528008229937EBF004F3448 = {
			isa = PBXGroup;
			children = (
				7528008D29937EBF004F3448 /* MVVM+Rx */,
				7528008C29937EBF004F3448 /* Products */,
				7ECAA29227DBC6D39026070D /* Pods */,
				D28A8341D319E400A7A4F0B6 /* Frameworks */,
			);
			sourceTree = "<group>";
		};
		7528008C29937EBF004F3448 /* Products */ = {
			isa = PBXGroup;
			children = (
				7528008B29937EBF004F3448 /* MVVM+Rx.app */,
			);
			name = Products;
			sourceTree = "<group>";
		};
		7528008D29937EBF004F3448 /* MVVM+Rx */ = {
			isa = PBXGroup;
			children = (
				756B06DE2994876300DA0ACB /* ViewModels */,
				756B06DB2994825200DA0ACB /* Services */,
				756B06D72994749900DA0ACB /* Model */,
				752800A629947036004F3448 /* Controllers */,
				7528008E29937EBF004F3448 /* AppDelegate.swift */,
				7528009029937EBF004F3448 /* SceneDelegate.swift */,
				7528009729937EC2004F3448 /* Assets.xcassets */,
				7528009929937EC2004F3448 /* LaunchScreen.storyboard */,
				7528009C29937EC2004F3448 /* Info.plist */,
				752800A9299470E6004F3448 /* Coordinator.swift */,
			);
			path = "MVVM+Rx";
			sourceTree = "<group>";
		};
		752800A629947036004F3448 /* Controllers */ = {
			isa = PBXGroup;
			children = (
				752800A729947057004F3448 /* RootViewController.swift */,
			);
			path = Controllers;
			sourceTree = "<group>";
		};
		756B06D72994749900DA0ACB /* Model */ = {
			isa = PBXGroup;
			children = (
				756B06D8299474A500DA0ACB /* Article.swift */,
			);
			path = Model;
			sourceTree = "<group>";
		};
		756B06DB2994825200DA0ACB /* Services */ = {
			isa = PBXGroup;
			children = (
				756B06DC2994826A00DA0ACB /* AriticleService.swift */,
			);
			path = Services;
			sourceTree = "<group>";
		};
		756B06DE2994876300DA0ACB /* ViewModels */ = {
			isa = PBXGroup;
			children = (
				756B06DF2994877000DA0ACB /* RootViewModel.swift */,
			);
			path = ViewModels;
			sourceTree = "<group>";
		};
		7ECAA29227DBC6D39026070D /* Pods */ = {
			isa = PBXGroup;
			children = (
				0688BB04BC58CA75EF266E71 /* Pods-MVVM+Rx.debug.xcconfig */,
				EBBE199B5AB0AC2930920663 /* Pods-MVVM+Rx.release.xcconfig */,
			);
			path = Pods;
			sourceTree = "<group>";
		};
		D28A8341D319E400A7A4F0B6 /* Frameworks */ = {
			isa = PBXGroup;
			children = (
				5ADBADF6F4875773E488CAB5 /* Pods_MVVM_Rx.framework */,
			);
			name = Frameworks;
			sourceTree = "<group>";
		};
/* End PBXGroup section */

/* Begin PBXNativeTarget section */
		7528008A29937EBF004F3448 /* MVVM+Rx */ = {
			isa = PBXNativeTarget;
			buildConfigurationList = 7528009F29937EC2004F3448 /* Build configuration list for PBXNativeTarget "MVVM+Rx" */;
			buildPhases = (
				7BE953BD49057D7B1B938067 /* [CP] Check Pods Manifest.lock */,
				7528008729937EBF004F3448 /* Sources */,
				7528008829937EBF004F3448 /* Frameworks */,
				7528008929937EBF004F3448 /* Resources */,
				2CA068845E1357C0A596D403 /* [CP] Embed Pods Frameworks */,
			);
			buildRules = (
			);
			dependencies = (
			);
			name = "MVVM+Rx";
			productName = "MVVM+Rx";
			productReference = 7528008B29937EBF004F3448 /* MVVM+Rx.app */;
			productType = "com.apple.product-type.application";
		};
/* End PBXNativeTarget section */

/* Begin PBXProject section */
		7528008329937EBF004F3448 /* Project object */ = {
			isa = PBXProject;
			attributes = {
				BuildIndependentTargetsInParallel = 1;
				LastSwiftUpdateCheck = 1420;
				LastUpgradeCheck = 1420;
				TargetAttributes = {
					7528008A29937EBF004F3448 = {
						CreatedOnToolsVersion = 14.2;
					};
				};
			};
			buildConfigurationList = 7528008629937EBF004F3448 /* Build configuration list for PBXProject "MVVM+Rx" */;
			compatibilityVersion = "Xcode 14.0";
			developmentRegion = en;
			hasScannedForEncodings = 0;
			knownRegions = (
				en,
				Base,
			);
			mainGroup = 7528008229937EBF004F3448;
			productRefGroup = 7528008C29937EBF004F3448 /* Products */;
			projectDirPath = "";
			projectRoot = "";
			targets = (
				7528008A29937EBF004F3448 /* MVVM+Rx */,
			);
		};
/* End PBXProject section */

/* Begin PBXResourcesBuildPhase section */
		7528008929937EBF004F3448 /* Resources */ = {
			isa = PBXResourcesBuildPhase;
			buildActionMask = 2147483647;
			files = (
				7528009B29937EC2004F3448 /* LaunchScreen.storyboard in Resources */,
				7528009829937EC2004F3448 /* Assets.xcassets in Resources */,
			);
			runOnlyForDeploymentPostprocessing = 0;
		};
/* End PBXResourcesBuildPhase section */

/* Begin PBXShellScriptBuildPhase section */
		2CA068845E1357C0A596D403 /* [CP] Embed Pods Frameworks */ = {
			isa = PBXShellScriptBuildPhase;
			buildActionMask = 2147483647;
			files = (
			);
			inputFileListPaths = (
				"${PODS_ROOT}/Target Support Files/Pods-MVVM+Rx/Pods-MVVM+Rx-frameworks-${CONFIGURATION}-input-files.xcfilelist",
			);
			name = "[CP] Embed Pods Frameworks";
			outputFileListPaths = (
				"${PODS_ROOT}/Target Support Files/Pods-MVVM+Rx/Pods-MVVM+Rx-frameworks-${CONFIGURATION}-output-files.xcfilelist",
			);
			runOnlyForDeploymentPostprocessing = 0;
			shellPath = /bin/sh;
			shellScript = "\"${PODS_ROOT}/Target Support Files/Pods-MVVM+Rx/Pods-MVVM+Rx-frameworks.sh\"\n";
			showEnvVarsInLog = 0;
		};
		7BE953BD49057D7B1B938067 /* [CP] Check Pods Manifest.lock */ = {
			isa = PBXShellScriptBuildPhase;
			buildActionMask = 2147483647;
			files = (
			);
			inputFileListPaths = (
			);
			inputPaths = (
				"${PODS_PODFILE_DIR_PATH}/Podfile.lock",
				"${PODS_ROOT}/Manifest.lock",
			);
			name = "[CP] Check Pods Manifest.lock";
			outputFileListPaths = (
			);
			outputPaths = (
				"$(DERIVED_FILE_DIR)/Pods-MVVM+Rx-checkManifestLockResult.txt",
			);
			runOnlyForDeploymentPostprocessing = 0;
			shellPath = /bin/sh;
			shellScript = "diff \"${PODS_PODFILE_DIR_PATH}/Podfile.lock\" \"${PODS_ROOT}/Manifest.lock\" > /dev/null\nif [ $? != 0 ] ; then\n    # print error to STDERR\n    echo \"error: The sandbox is not in sync with the Podfile.lock. Run 'pod install' or update your CocoaPods installation.\" >&2\n    exit 1\nfi\n# This output is used by Xcode 'outputs' to avoid re-running this script phase.\necho \"SUCCESS\" > \"${SCRIPT_OUTPUT_FILE_0}\"\n";
			showEnvVarsInLog = 0;
		};
/* End PBXShellScriptBuildPhase section */

/* Begin PBXSourcesBuildPhase section */
		7528008729937EBF004F3448 /* Sources */ = {
			isa = PBXSourcesBuildPhase;
			buildActionMask = 2147483647;
			files = (
				752800AA299470E6004F3448 /* Coordinator.swift in Sources */,
				756B06E02994877000DA0ACB /* RootViewModel.swift in Sources */,
				7528008F29937EBF004F3448 /* AppDelegate.swift in Sources */,
				756B06DD2994826A00DA0ACB /* AriticleService.swift in Sources */,
				7528009129937EBF004F3448 /* SceneDelegate.swift in Sources */,
				752800A829947057004F3448 /* RootViewController.swift in Sources */,
				756B06D9299474A500DA0ACB /* Article.swift in Sources */,
			);
			runOnlyForDeploymentPostprocessing = 0;
		};
/* End PBXSourcesBuildPhase section */

/* Begin PBXVariantGroup section */
		7528009929937EC2004F3448 /* LaunchScreen.storyboard */ = {
			isa = PBXVariantGroup;
			children = (
				7528009A29937EC2004F3448 /* Base */,
			);
			name = LaunchScreen.storyboard;
			sourceTree = "<group>";
		};
/* End PBXVariantGroup section */

/* Begin XCBuildConfiguration section */
		7528009D29937EC2004F3448 /* Debug */ = {
			isa = XCBuildConfiguration;
			buildSettings = {
				ALWAYS_SEARCH_USER_PATHS = NO;
				CLANG_ANALYZER_NONNULL = YES;
				CLANG_ANALYZER_NUMBER_OBJECT_CONVERSION = YES_AGGRESSIVE;
				CLANG_CXX_LANGUAGE_STANDARD = "gnu++20";
				CLANG_ENABLE_MODULES = YES;
				CLANG_ENABLE_OBJC_ARC = YES;
				CLANG_ENABLE_OBJC_WEAK = YES;
				CLANG_WARN_BLOCK_CAPTURE_AUTORELEASING = YES;
				CLANG_WARN_BOOL_CONVERSION = YES;
				CLANG_WARN_COMMA = YES;
				CLANG_WARN_CONSTANT_CONVERSION = YES;
				CLANG_WARN_DEPRECATED_OBJC_IMPLEMENTATIONS = YES;
				CLANG_WARN_DIRECT_OBJC_ISA_USAGE = YES_ERROR;
				CLANG_WARN_DOCUMENTATION_COMMENTS = YES;
				CLANG_WARN_EMPTY_BODY = YES;
				CLANG_WARN_ENUM_CONVERSION = YES;
				CLANG_WARN_INFINITE_RECURSION = YES;
				CLANG_WARN_INT_CONVERSION = YES;
				CLANG_WARN_NON_LITERAL_NULL_CONVERSION = YES;
				CLANG_WARN_OBJC_IMPLICIT_RETAIN_SELF = YES;
				CLANG_WARN_OBJC_LITERAL_CONVERSION = YES;
				CLANG_WARN_OBJC_ROOT_CLASS = YES_ERROR;
				CLANG_WARN_QUOTED_INCLUDE_IN_FRAMEWORK_HEADER = YES;
				CLANG_WARN_RANGE_LOOP_ANALYSIS = YES;
				CLANG_WARN_STRICT_PROTOTYPES = YES;
				CLANG_WARN_SUSPICIOUS_MOVE = YES;
				CLANG_WARN_UNGUARDED_AVAILABILITY = YES_AGGRESSIVE;
				CLANG_WARN_UNREACHABLE_CODE = YES;
				CLANG_WARN__DUPLICATE_METHOD_MATCH = YES;
				COPY_PHASE_STRIP = NO;
				DEBUG_INFORMATION_FORMAT = dwarf;
				ENABLE_STRICT_OBJC_MSGSEND = YES;
				ENABLE_TESTABILITY = YES;
				GCC_C_LANGUAGE_STANDARD = gnu11;
				GCC_DYNAMIC_NO_PIC = NO;
				GCC_NO_COMMON_BLOCKS = YES;
				GCC_OPTIMIZATION_LEVEL = 0;
				GCC_PREPROCESSOR_DEFINITIONS = (
					"DEBUG=1",
					"$(inherited)",
				);
				GCC_WARN_64_TO_32_BIT_CONVERSION = YES;
				GCC_WARN_ABOUT_RETURN_TYPE = YES_ERROR;
				GCC_WARN_UNDECLARED_SELECTOR = YES;
				GCC_WARN_UNINITIALIZED_AUTOS = YES_AGGRESSIVE;
				GCC_WARN_UNUSED_FUNCTION = YES;
				GCC_WARN_UNUSED_VARIABLE = YES;
				IPHONEOS_DEPLOYMENT_TARGET = 16.2;
				MTL_ENABLE_DEBUG_INFO = INCLUDE_SOURCE;
				MTL_FAST_MATH = YES;
				ONLY_ACTIVE_ARCH = YES;
				SDKROOT = iphoneos;
				SWIFT_ACTIVE_COMPILATION_CONDITIONS = DEBUG;
				SWIFT_OPTIMIZATION_LEVEL = "-Onone";
			};
			name = Debug;
		};
		7528009E29937EC2004F3448 /* Release */ = {
			isa = XCBuildConfiguration;
			buildSettings = {
				ALWAYS_SEARCH_USER_PATHS = NO;
				CLANG_ANALYZER_NONNULL = YES;
				CLANG_ANALYZER_NUMBER_OBJECT_CONVERSION = YES_AGGRESSIVE;
				CLANG_CXX_LANGUAGE_STANDARD = "gnu++20";
				CLANG_ENABLE_MODULES = YES;
				CLANG_ENABLE_OBJC_ARC = YES;
				CLANG_ENABLE_OBJC_WEAK = YES;
				CLANG_WARN_BLOCK_CAPTURE_AUTORELEASING = YES;
				CLANG_WARN_BOOL_CONVERSION = YES;
				CLANG_WARN_COMMA = YES;
				CLANG_WARN_CONSTANT_CONVERSION = YES;
				CLANG_WARN_DEPRECATED_OBJC_IMPLEMENTATIONS = YES;
				CLANG_WARN_DIRECT_OBJC_ISA_USAGE = YES_ERROR;
				CLANG_WARN_DOCUMENTATION_COMMENTS = YES;
				CLANG_WARN_EMPTY_BODY = YES;
				CLANG_WARN_ENUM_CONVERSION = YES;
				CLANG_WARN_INFINITE_RECURSION = YES;
				CLANG_WARN_INT_CONVERSION = YES;
				CLANG_WARN_NON_LITERAL_NULL_CONVERSION = YES;
				CLANG_WARN_OBJC_IMPLICIT_RETAIN_SELF = YES;
				CLANG_WARN_OBJC_LITERAL_CONVERSION = YES;
				CLANG_WARN_OBJC_ROOT_CLASS = YES_ERROR;
				CLANG_WARN_QUOTED_INCLUDE_IN_FRAMEWORK_HEADER = YES;
				CLANG_WARN_RANGE_LOOP_ANALYSIS = YES;
				CLANG_WARN_STRICT_PROTOTYPES = YES;
				CLANG_WARN_SUSPICIOUS_MOVE = YES;
				CLANG_WARN_UNGUARDED_AVAILABILITY = YES_AGGRESSIVE;
				CLANG_WARN_UNREACHABLE_CODE = YES;
				CLANG_WARN__DUPLICATE_METHOD_MATCH = YES;
				COPY_PHASE_STRIP = NO;
				DEBUG_INFORMATION_FORMAT = "dwarf-with-dsym";
				ENABLE_NS_ASSERTIONS = NO;
				ENABLE_STRICT_OBJC_MSGSEND = YES;
				GCC_C_LANGUAGE_STANDARD = gnu11;
				GCC_NO_COMMON_BLOCKS = YES;
				GCC_WARN_64_TO_32_BIT_CONVERSION = YES;
				GCC_WARN_ABOUT_RETURN_TYPE = YES_ERROR;
				GCC_WARN_UNDECLARED_SELECTOR = YES;
				GCC_WARN_UNINITIALIZED_AUTOS = YES_AGGRESSIVE;
				GCC_WARN_UNUSED_FUNCTION = YES;
				GCC_WARN_UNUSED_VARIABLE = YES;
				IPHONEOS_DEPLOYMENT_TARGET = 16.2;
				MTL_ENABLE_DEBUG_INFO = NO;
				MTL_FAST_MATH = YES;
				SDKROOT = iphoneos;
				SWIFT_COMPILATION_MODE = wholemodule;
				SWIFT_OPTIMIZATION_LEVEL = "-O";
				VALIDATE_PRODUCT = YES;
			};
			name = Release;
		};
		752800A029937EC2004F3448 /* Debug */ = {
			isa = XCBuildConfiguration;
			baseConfigurationReference = 0688BB04BC58CA75EF266E71 /* Pods-MVVM+Rx.debug.xcconfig */;
			buildSettings = {
				ASSETCATALOG_COMPILER_APPICON_NAME = AppIcon;
				ASSETCATALOG_COMPILER_GLOBAL_ACCENT_COLOR_NAME = AccentColor;
				CODE_SIGN_STYLE = Automatic;
				CURRENT_PROJECT_VERSION = 1;
				DEVELOPMENT_TEAM = 9LAFQ24GSN;
				GENERATE_INFOPLIST_FILE = YES;
				INFOPLIST_FILE = "MVVM+Rx/Info.plist";
				INFOPLIST_KEY_UIApplicationSupportsIndirectInputEvents = YES;
				INFOPLIST_KEY_UILaunchStoryboardName = LaunchScreen;
				INFOPLIST_KEY_UISupportedInterfaceOrientations_iPad = "UIInterfaceOrientationPortrait UIInterfaceOrientationPortraitUpsideDown UIInterfaceOrientationLandscapeLeft UIInterfaceOrientationLandscapeRight";
				INFOPLIST_KEY_UISupportedInterfaceOrientations_iPhone = "UIInterfaceOrientationPortrait UIInterfaceOrientationLandscapeLeft UIInterfaceOrientationLandscapeRight";
				LD_RUNPATH_SEARCH_PATHS = (
					"$(inherited)",
					"@executable_path/Frameworks",
				);
				MARKETING_VERSION = 1.0;
				PRODUCT_BUNDLE_IDENTIFIER = "kr.co.truen.EGLOO.MVVM-Rx";
				PRODUCT_NAME = "$(TARGET_NAME)";
				SWIFT_EMIT_LOC_STRINGS = YES;
				SWIFT_VERSION = 5.0;
				TARGETED_DEVICE_FAMILY = "1,2";
			};
			name = Debug;
		};
		752800A129937EC2004F3448 /* Release */ = {
			isa = XCBuildConfiguration;
			baseConfigurationReference = EBBE199B5AB0AC2930920663 /* Pods-MVVM+Rx.release.xcconfig */;
			buildSettings = {
				ASSETCATALOG_COMPILER_APPICON_NAME = AppIcon;
				ASSETCATALOG_COMPILER_GLOBAL_ACCENT_COLOR_NAME = AccentColor;
				CODE_SIGN_STYLE = Automatic;
				CURRENT_PROJECT_VERSION = 1;
				DEVELOPMENT_TEAM = 9LAFQ24GSN;
				GENERATE_INFOPLIST_FILE = YES;
				INFOPLIST_FILE = "MVVM+Rx/Info.plist";
				INFOPLIST_KEY_UIApplicationSupportsIndirectInputEvents = YES;
				INFOPLIST_KEY_UILaunchStoryboardName = LaunchScreen;
				INFOPLIST_KEY_UISupportedInterfaceOrientations_iPad = "UIInterfaceOrientationPortrait UIInterfaceOrientationPortraitUpsideDown UIInterfaceOrientationLandscapeLeft UIInterfaceOrientationLandscapeRight";
				INFOPLIST_KEY_UISupportedInterfaceOrientations_iPhone = "UIInterfaceOrientationPortrait UIInterfaceOrientationLandscapeLeft UIInterfaceOrientationLandscapeRight";
				LD_RUNPATH_SEARCH_PATHS = (
					"$(inherited)",
					"@executable_path/Frameworks",
				);
				MARKETING_VERSION = 1.0;
				PRODUCT_BUNDLE_IDENTIFIER = "kr.co.truen.EGLOO.MVVM-Rx";
				PRODUCT_NAME = "$(TARGET_NAME)";
				SWIFT_EMIT_LOC_STRINGS = YES;
				SWIFT_VERSION = 5.0;
				TARGETED_DEVICE_FAMILY = "1,2";
			};
			name = Release;
		};
/* End XCBuildConfiguration section */

/* Begin XCConfigurationList section */
		7528008629937EBF004F3448 /* Build configuration list for PBXProject "MVVM+Rx" */ = {
			isa = XCConfigurationList;
			buildConfigurations = (
				7528009D29937EC2004F3448 /* Debug */,
				7528009E29937EC2004F3448 /* Release */,
			);
			defaultConfigurationIsVisible = 0;
			defaultConfigurationName = Release;
		};
		7528009F29937EC2004F3448 /* Build configuration list for PBXNativeTarget "MVVM+Rx" */ = {
			isa = XCConfigurationList;
			buildConfigurations = (
				752800A029937EC2004F3448 /* Debug */,
				752800A129937EC2004F3448 /* Release */,
			);
			defaultConfigurationIsVisible = 0;
			defaultConfigurationName = Release;
		};
/* End XCConfigurationList section */
	};
	rootObject = 7528008329937EBF004F3448 /* Project object */;
}
